
Microsoft Visual Studio Solution File, Format Version 12.00
# Visual Studio Version 17
VisualStudioVersion = 17.0.31903.59
MinimumVisualStudioVersion = 10.0.40219.1
Project("{9A19103F-16F7-4668-BE54-9A1E7A4F7556}") = "PushNotiApi.Api", "PushNotiApi.Api\PushNotiApi.Api.csproj", "{0E0E920C-DD90-4C71-A524-6AC405307AAD}"
EndProject
Global
	GlobalSection(SolutionConfigurationPlatforms) = preSolution
		Debug|Any CPU = Debug|Any CPU
		Release|Any CPU = Release|Any CPU
	EndGlobalSection
	GlobalSection(ProjectConfigurationPlatforms) = postSolution
		{0E0E920C-DD90-4C71-A524-6AC405307AAD}.Debug|Any CPU.ActiveCfg = Debug|Any CPU
		{0E0E920C-DD90-4C71-A524-6AC405307AAD}.Debug|Any CPU.Build.0 = Debug|Any CPU
		{0E0E920C-DD90-4C71-A524-6AC405307AAD}.Release|Any CPU.ActiveCfg = Release|Any CPU
		{0E0E920C-DD90-4C71-A524-6AC405307AAD}.Release|Any CPU.Build.0 = Release|Any CPU
	EndGlobalSection
	GlobalSection(SolutionProperties) = preSolution
		HideSolutionNode = FALSE
	EndGlobalSection
	GlobalSection(ExtensibilityGlobals) = postSolution
		SolutionGuid = {51D8EE5A-0E72-4764-B08E-145095810809}
	EndGlobalSection
EndGlobal
